
Microsoft Visual Studio Solution File, Format Version 12.00
# Visual Studio Version 16
VisualStudioVersion = 16.0.31729.503
MinimumVisualStudioVersion = 10.0.40219.1
Project("{FAE04EC0-301F-11D3-BF4B-00C04F79EFBC}") = "TrocadilhosWebApp", "TrocadilhosWebApp.csproj", "{31941AA5-78F0-4585-ADC2-A63D87FDD790}"
EndProject
Global
	GlobalSection(SolutionConfigurationPlatforms) = preSolution
		Debug|Any CPU = Debug|Any CPU
		Release|Any CPU = Release|Any CPU
	EndGlobalSection
	GlobalSection(ProjectConfigurationPlatforms) = postSolution
		{31941AA5-78F0-4585-ADC2-A63D87FDD790}.Debug|Any CPU.ActiveCfg = Debug|Any CPU
		{31941AA5-78F0-4585-ADC2-A63D87FDD790}.Debug|Any CPU.Build.0 = Debug|Any CPU
		{31941AA5-78F0-4585-ADC2-A63D87FDD790}.Release|Any CPU.ActiveCfg = Release|Any CPU
		{31941AA5-78F0-4585-ADC2-A63D87FDD790}.Release|Any CPU.Build.0 = Release|Any CPU
	EndGlobalSection
	GlobalSection(SolutionProperties) = preSolution
		HideSolutionNode = FALSE
	EndGlobalSection
	GlobalSection(ExtensibilityGlobals) = postSolution
		SolutionGuid = {FBEAF559-C059-4F72-BF9B-53CB8E781E8C}
	EndGlobalSection
EndGlobal
